
Microsoft Visual Studio Solution File, Format Version 12.00
# Visual Studio 15
VisualStudioVersion = 15.0.28307.779
MinimumVisualStudioVersion = 10.0.40219.1
Project("{FAE04EC0-301F-11D3-BF4B-00C04F79EFBC}") = "CloneablePoint", "CloneablePoint\CloneablePoint.csproj", "{B0749662-9D6D-4B0C-BB35-FB09BC4E0604}"
EndProject
Global
	GlobalSection(SolutionConfigurationPlatforms) = preSolution
		Debug|Any CPU = Debug|Any CPU
		Release|Any CPU = Release|Any CPU
	EndGlobalSection
	GlobalSection(ProjectConfigurationPlatforms) = postSolution
		{B0749662-9D6D-4B0C-BB35-FB09BC4E0604}.Debug|Any CPU.ActiveCfg = Debug|Any CPU
		{B0749662-9D6D-4B0C-BB35-FB09BC4E0604}.Debug|Any CPU.Build.0 = Debug|Any CPU
		{B0749662-9D6D-4B0C-BB35-FB09BC4E0604}.Release|Any CPU.ActiveCfg = Release|Any CPU
		{B0749662-9D6D-4B0C-BB35-FB09BC4E0604}.Release|Any CPU.Build.0 = Release|Any CPU
	EndGlobalSection
	GlobalSection(SolutionProperties) = preSolution
		HideSolutionNode = FALSE
	EndGlobalSection
	GlobalSection(ExtensibilityGlobals) = postSolution
		SolutionGuid = {3F8FEB6D-B76A-4370-BE8D-335A046D8610}
	EndGlobalSection
EndGlobal
